
Microsoft Visual Studio Solution File, Format Version 12.00
# Visual Studio Version 16
VisualStudioVersion = 16.0.29911.84
MinimumVisualStudioVersion = 10.0.40219.1
Project("{FAE04EC0-301F-11D3-BF4B-00C04F79EFBC}") = "GrpcServer", "GrpcServer\GrpcServer.csproj", "{0399DAF3-B147-44C0-A4DD-ED8BED7D80E2}"
EndProject
Project("{FAE04EC0-301F-11D3-BF4B-00C04F79EFBC}") = "GrpcClient", "GrpcClient\GrpcClient.csproj", "{617EF441-5080-4805-BB37-874250E57794}"
EndProject
Global
	GlobalSection(SolutionConfigurationPlatforms) = preSolution
		Debug|Any CPU = Debug|Any CPU
		Release|Any CPU = Release|Any CPU
	EndGlobalSection
	GlobalSection(ProjectConfigurationPlatforms) = postSolution
		{0399DAF3-B147-44C0-A4DD-ED8BED7D80E2}.Debug|Any CPU.ActiveCfg = Debug|Any CPU
		{0399DAF3-B147-44C0-A4DD-ED8BED7D80E2}.Debug|Any CPU.Build.0 = Debug|Any CPU
		{0399DAF3-B147-44C0-A4DD-ED8BED7D80E2}.Release|Any CPU.ActiveCfg = Release|Any CPU
		{0399DAF3-B147-44C0-A4DD-ED8BED7D80E2}.Release|Any CPU.Build.0 = Release|Any CPU
		{617EF441-5080-4805-BB37-874250E57794}.Debug|Any CPU.ActiveCfg = Debug|Any CPU
		{617EF441-5080-4805-BB37-874250E57794}.Debug|Any CPU.Build.0 = Debug|Any CPU
		{617EF441-5080-4805-BB37-874250E57794}.Release|Any CPU.ActiveCfg = Release|Any CPU
		{617EF441-5080-4805-BB37-874250E57794}.Release|Any CPU.Build.0 = Release|Any CPU
	EndGlobalSection
	GlobalSection(SolutionProperties) = preSolution
		HideSolutionNode = FALSE
	EndGlobalSection
	GlobalSection(ExtensibilityGlobals) = postSolution
		SolutionGuid = {3BF3AC8A-531C-49A2-AEA9-2B03FA2EB2EC}
	EndGlobalSection
EndGlobal
